
Microsoft Visual Studio Solution File, Format Version 12.00
# Visual Studio Version 17
VisualStudioVersion = 17.0.32112.339
MinimumVisualStudioVersion = 10.0.40219.1
Project("{FAE04EC0-301F-11D3-BF4B-00C04F79EFBC}") = "Shop.PL", "Shop\Shop.PL.csproj", "{B30E29ED-7617-4820-8AE1-DE5C46CA4584}"
EndProject
Project("{FAE04EC0-301F-11D3-BF4B-00C04F79EFBC}") = "Shop.DAL", "Shop.DAL\Shop.DAL.csproj", "{78F7AEF0-35D2-475F-8E65-0A1845565065}"
EndProject
Project("{FAE04EC0-301F-11D3-BF4B-00C04F79EFBC}") = "Shop.BLL", "Shop.BLL\Shop.BLL.csproj", "{7D3AAC4B-1729-42F9-908C-F86F2C709090}"
EndProject
Global
	GlobalSection(SolutionConfigurationPlatforms) = preSolution
		Debug|Any CPU = Debug|Any CPU
		Release|Any CPU = Release|Any CPU
	EndGlobalSection
	GlobalSection(ProjectConfigurationPlatforms) = postSolution
		{B30E29ED-7617-4820-8AE1-DE5C46CA4584}.Debug|Any CPU.ActiveCfg = Debug|Any CPU
		{B30E29ED-7617-4820-8AE1-DE5C46CA4584}.Debug|Any CPU.Build.0 = Debug|Any CPU
		{B30E29ED-7617-4820-8AE1-DE5C46CA4584}.Release|Any CPU.ActiveCfg = Release|Any CPU
		{B30E29ED-7617-4820-8AE1-DE5C46CA4584}.Release|Any CPU.Build.0 = Release|Any CPU
		{78F7AEF0-35D2-475F-8E65-0A1845565065}.Debug|Any CPU.ActiveCfg = Debug|Any CPU
		{78F7AEF0-35D2-475F-8E65-0A1845565065}.Debug|Any CPU.Build.0 = Debug|Any CPU
		{78F7AEF0-35D2-475F-8E65-0A1845565065}.Release|Any CPU.ActiveCfg = Release|Any CPU
		{78F7AEF0-35D2-475F-8E65-0A1845565065}.Release|Any CPU.Build.0 = Release|Any CPU
		{7D3AAC4B-1729-42F9-908C-F86F2C709090}.Debug|Any CPU.ActiveCfg = Debug|Any CPU
		{7D3AAC4B-1729-42F9-908C-F86F2C709090}.Debug|Any CPU.Build.0 = Debug|Any CPU
		{7D3AAC4B-1729-42F9-908C-F86F2C709090}.Release|Any CPU.ActiveCfg = Release|Any CPU
		{7D3AAC4B-1729-42F9-908C-F86F2C709090}.Release|Any CPU.Build.0 = Release|Any CPU
	EndGlobalSection
	GlobalSection(SolutionProperties) = preSolution
		HideSolutionNode = FALSE
	EndGlobalSection
	GlobalSection(ExtensibilityGlobals) = postSolution
		SolutionGuid = {9E2627DF-E32C-49A4-A816-E8C970892EFD}
	EndGlobalSection
EndGlobal
